
Microsoft Visual Studio Solution File, Format Version 12.00
# Visual Studio Version 17
VisualStudioVersion = 17.4.33110.190
MinimumVisualStudioVersion = 10.0.40219.1
Project("{FAE04EC0-301F-11D3-BF4B-00C04F79EFBC}") = "PDV.Task4", "PDV.Task4.csproj", "{6106AE26-D6EA-430F-86D6-517C46C856A6}"
EndProject
Global
	GlobalSection(SolutionConfigurationPlatforms) = preSolution
		Debug|Any CPU = Debug|Any CPU
		Release|Any CPU = Release|Any CPU
	EndGlobalSection
	GlobalSection(ProjectConfigurationPlatforms) = postSolution
		{6106AE26-D6EA-430F-86D6-517C46C856A6}.Debug|Any CPU.ActiveCfg = Debug|Any CPU
		{6106AE26-D6EA-430F-86D6-517C46C856A6}.Debug|Any CPU.Build.0 = Debug|Any CPU
		{6106AE26-D6EA-430F-86D6-517C46C856A6}.Release|Any CPU.ActiveCfg = Release|Any CPU
		{6106AE26-D6EA-430F-86D6-517C46C856A6}.Release|Any CPU.Build.0 = Release|Any CPU
	EndGlobalSection
	GlobalSection(SolutionProperties) = preSolution
		HideSolutionNode = FALSE
	EndGlobalSection
	GlobalSection(ExtensibilityGlobals) = postSolution
		SolutionGuid = {E2EA51BF-E8DF-4EB7-BAF9-0B07CEE412EC}
	EndGlobalSection
EndGlobal
